
Microsoft Visual Studio Solution File, Format Version 12.00
# Visual Studio Version 16
VisualStudioVersion = 16.0.30804.86
MinimumVisualStudioVersion = 10.0.40219.1
Project("{FAE04EC0-301F-11D3-BF4B-00C04F79EFBC}") = "QuanLyBanSach", "QuanLyBanSach\QuanLyBanSach.csproj", "{198209F9-D1B2-46AB-B652-2D3B5C358A39}"
EndProject
Global
	GlobalSection(SolutionConfigurationPlatforms) = preSolution
		Debug|Any CPU = Debug|Any CPU
		Release|Any CPU = Release|Any CPU
	EndGlobalSection
	GlobalSection(ProjectConfigurationPlatforms) = postSolution
		{198209F9-D1B2-46AB-B652-2D3B5C358A39}.Debug|Any CPU.ActiveCfg = Debug|Any CPU
		{198209F9-D1B2-46AB-B652-2D3B5C358A39}.Debug|Any CPU.Build.0 = Debug|Any CPU
		{198209F9-D1B2-46AB-B652-2D3B5C358A39}.Release|Any CPU.ActiveCfg = Release|Any CPU
		{198209F9-D1B2-46AB-B652-2D3B5C358A39}.Release|Any CPU.Build.0 = Release|Any CPU
	EndGlobalSection
	GlobalSection(SolutionProperties) = preSolution
		HideSolutionNode = FALSE
	EndGlobalSection
	GlobalSection(ExtensibilityGlobals) = postSolution
		SolutionGuid = {C9627C91-DE7E-4C7C-ABCA-9616DDD160B6}
	EndGlobalSection
EndGlobal
